
Microsoft Visual Studio Solution File, Format Version 12.00
# Visual Studio Version 16
VisualStudioVersion = 16.0.31624.102
MinimumVisualStudioVersion = 10.0.40219.1
Project("{FAE04EC0-301F-11D3-BF4B-00C04F79EFBC}") = "InMemoryCacheExample", "InMemoryCacheExample.csproj", "{A877DD62-8999-4102-82AC-69ABE9BECADF}"
EndProject
Global
	GlobalSection(SolutionConfigurationPlatforms) = preSolution
		Debug|Any CPU = Debug|Any CPU
		Release|Any CPU = Release|Any CPU
	EndGlobalSection
	GlobalSection(ProjectConfigurationPlatforms) = postSolution
		{A877DD62-8999-4102-82AC-69ABE9BECADF}.Debug|Any CPU.ActiveCfg = Debug|Any CPU
		{A877DD62-8999-4102-82AC-69ABE9BECADF}.Debug|Any CPU.Build.0 = Debug|Any CPU
		{A877DD62-8999-4102-82AC-69ABE9BECADF}.Release|Any CPU.ActiveCfg = Release|Any CPU
		{A877DD62-8999-4102-82AC-69ABE9BECADF}.Release|Any CPU.Build.0 = Release|Any CPU
	EndGlobalSection
	GlobalSection(SolutionProperties) = preSolution
		HideSolutionNode = FALSE
	EndGlobalSection
	GlobalSection(ExtensibilityGlobals) = postSolution
		SolutionGuid = {4E03ED6A-91EA-4CD3-BE8A-4CB5CD9C9CB5}
	EndGlobalSection
EndGlobal
